// !$*UTF8*$!
{
	archiveVersion = 1;
	classes = {
	};
	objectVersion = 56;
	objects = {

/* Begin PBXBuildFile section */
		4CD47C252C6495DB00F9688A /* ParrotBarApp.swift in Sources */ = {isa = PBXBuildFile; fileRef = 4CD47C242C6495DB00F9688A /* ParrotBarApp.swift */; };
		4CD47C272C6495DB00F9688A /* ContentView.swift in Sources */ = {isa = PBXBuildFile; fileRef = 4CD47C262C6495DB00F9688A /* ContentView.swift */; };
		4CD47C292C6495DC00F9688A /* Assets.xcassets in Resources */ = {isa = PBXBuildFile; fileRef = 4CD47C282C6495DC00F9688A /* Assets.xcassets */; };
		4CD47C2C2C6495DC00F9688A /* Preview Assets.xcassets in Resources */ = {isa = PBXBuildFile; fileRef = 4CD47C2B2C6495DC00F9688A /* Preview Assets.xcassets */; };
		4CD47C372C6495DD00F9688A /* ParrotBarTests.swift in Sources */ = {isa = PBXBuildFile; fileRef = 4CD47C362C6495DD00F9688A /* ParrotBarTests.swift */; };
		4CD47C412C6495DD00F9688A /* ParrotBarUITests.swift in Sources */ = {isa = PBXBuildFile; fileRef = 4CD47C402C6495DD00F9688A /* ParrotBarUITests.swift */; };
		4CD47C432C6495DD00F9688A /* ParrotBarUITestsLaunchTests.swift in Sources */ = {isa = PBXBuildFile; fileRef = 4CD47C422C6495DD00F9688A /* ParrotBarUITestsLaunchTests.swift */; };
/* End PBXBuildFile section */

/* Begin PBXContainerItemProxy section */
		4CD47C332C6495DD00F9688A /* PBXContainerItemProxy */ = {
			isa = PBXContainerItemProxy;
			containerPortal = 4CD47C192C6495DB00F9688A /* Project object */;
			proxyType = 1;
			remoteGlobalIDString = 4CD47C202C6495DB00F9688A;
			remoteInfo = ParrotBar;
		};
		4CD47C3D2C6495DD00F9688A /* PBXContainerItemProxy */ = {
			isa = PBXContainerItemProxy;
			containerPortal = 4CD47C192C6495DB00F9688A /* Project object */;
			proxyType = 1;
			remoteGlobalIDString = 4CD47C202C6495DB00F9688A;
			remoteInfo = ParrotBar;
		};
/* End PBXContainerItemProxy section */

/* Begin PBXFileReference section */
		4CD47C212C6495DB00F9688A /* ParrotBar.app */ = {isa = PBXFileReference; explicitFileType = wrapper.application; includeInIndex = 0; path = ParrotBar.app; sourceTree = BUILT_PRODUCTS_DIR; };
		4CD47C242C6495DB00F9688A /* ParrotBarApp.swift */ = {isa = PBXFileReference; lastKnownFileType = sourcecode.swift; path = ParrotBarApp.swift; sourceTree = "<group>"; };
		4CD47C262C6495DB00F9688A /* ContentView.swift */ = {isa = PBXFileReference; lastKnownFileType = sourcecode.swift; path = ContentView.swift; sourceTree = "<group>"; };
		4CD47C282C6495DC00F9688A /* Assets.xcassets */ = {isa = PBXFileReference; lastKnownFileType = folder.assetcatalog; path = Assets.xcassets; sourceTree = "<group>"; };
		4CD47C2B2C6495DC00F9688A /* Preview Assets.xcassets */ = {isa = PBXFileReference; lastKnownFileType = folder.assetcatalog; path = "Preview Assets.xcassets"; sourceTree = "<group>"; };
		4CD47C2D2C6495DC00F9688A /* ParrotBar.entitlements */ = {isa = PBXFileReference; lastKnownFileType = text.plist.entitlements; path = ParrotBar.entitlements; sourceTree = "<group>"; };
		4CD47C322C6495DD00F9688A /* ParrotBarTests.xctest */ = {isa = PBXFileReference; explicitFileType = wrapper.cfbundle; includeInIndex = 0; path = ParrotBarTests.xctest; sourceTree = BUILT_PRODUCTS_DIR; };
		4CD47C362C6495DD00F9688A /* ParrotBarTests.swift */ = {isa = PBXFileReference; lastKnownFileType = sourcecode.swift; path = ParrotBarTests.swift; sourceTree = "<group>"; };
		4CD47C3C2C6495DD00F9688A /* ParrotBarUITests.xctest */ = {isa = PBXFileReference; explicitFileType = wrapper.cfbundle; includeInIndex = 0; path = ParrotBarUITests.xctest; sourceTree = BUILT_PRODUCTS_DIR; };
		4CD47C402C6495DD00F9688A /* ParrotBarUITests.swift */ = {isa = PBXFileReference; lastKnownFileType = sourcecode.swift; path = ParrotBarUITests.swift; sourceTree = "<group>"; };
		4CD47C422C6495DD00F9688A /* ParrotBarUITestsLaunchTests.swift */ = {isa = PBXFileReference; lastKnownFileType = sourcecode.swift; path = ParrotBarUITestsLaunchTests.swift; sourceTree = "<group>"; };
/* End PBXFileReference section */

/* Begin PBXFrameworksBuildPhase section */
		4CD47C1E2C6495DB00F9688A /* Frameworks */ = {
			isa = PBXFrameworksBuildPhase;
			buildActionMask = 2147483647;
			files = (
			);
			runOnlyForDeploymentPostprocessing = 0;
		};
		4CD47C2F2C6495DD00F9688A /* Frameworks */ = {
			isa = PBXFrameworksBuildPhase;
			buildActionMask = 2147483647;
			files = (
			);
			runOnlyForDeploymentPostprocessing = 0;
		};
		4CD47C392C6495DD00F9688A /* Frameworks */ = {
			isa = PBXFrameworksBuildPhase;
			buildActionMask = 2147483647;
			files = (
			);
			runOnlyForDeploymentPostprocessing = 0;
		};
/* End PBXFrameworksBuildPhase section */

/* Begin PBXGroup section */
		4CD47C182C6495DB00F9688A = {
			isa = PBXGroup;
			children = (
				4CD47C232C6495DB00F9688A /* ParrotBar */,
				4CD47C352C6495DD00F9688A /* ParrotBarTests */,
				4CD47C3F2C6495DD00F9688A /* ParrotBarUITests */,
				4CD47C222C6495DB00F9688A /* Products */,
			);
			sourceTree = "<group>";
		};
		4CD47C222C6495DB00F9688A /* Products */ = {
			isa = PBXGroup;
			children = (
				4CD47C212C6495DB00F9688A /* ParrotBar.app */,
				4CD47C322C6495DD00F9688A /* ParrotBarTests.xctest */,
				4CD47C3C2C6495DD00F9688A /* ParrotBarUITests.xctest */,
			);
			name = Products;
			sourceTree = "<group>";
		};
		4CD47C232C6495DB00F9688A /* ParrotBar */ = {
			isa = PBXGroup;
			children = (
				4CD47C242C6495DB00F9688A /* ParrotBarApp.swift */,
				4CD47C262C6495DB00F9688A /* ContentView.swift */,
				4CD47C282C6495DC00F9688A /* Assets.xcassets */,
				4CD47C2D2C6495DC00F9688A /* ParrotBar.entitlements */,
				4CD47C2A2C6495DC00F9688A /* Preview Content */,
			);
			path = ParrotBar;
			sourceTree = "<group>";
		};
		4CD47C2A2C6495DC00F9688A /* Preview Content */ = {
			isa = PBXGroup;
			children = (
				4CD47C2B2C6495DC00F9688A /* Preview Assets.xcassets */,
			);
			path = "Preview Content";
			sourceTree = "<group>";
		};
		4CD47C352C6495DD00F9688A /* ParrotBarTests */ = {
			isa = PBXGroup;
			children = (
				4CD47C362C6495DD00F9688A /* ParrotBarTests.swift */,
			);
			path = ParrotBarTests;
			sourceTree = "<group>";
		};
		4CD47C3F2C6495DD00F9688A /* ParrotBarUITests */ = {
			isa = PBXGroup;
			children = (
				4CD47C402C6495DD00F9688A /* ParrotBarUITests.swift */,
				4CD47C422C6495DD00F9688A /* ParrotBarUITestsLaunchTests.swift */,
			);
			path = ParrotBarUITests;
			sourceTree = "<group>";
		};
/* End PBXGroup section */

/* Begin PBXNativeTarget section */
		4CD47C202C6495DB00F9688A /* ParrotBar */ = {
			isa = PBXNativeTarget;
			buildConfigurationList = 4CD47C462C6495DD00F9688A /* Build configuration list for PBXNativeTarget "ParrotBar" */;
			buildPhases = (
				4CD47C1D2C6495DB00F9688A /* Sources */,
				4CD47C1E2C6495DB00F9688A /* Frameworks */,
				4CD47C1F2C6495DB00F9688A /* Resources */,
			);
			buildRules = (
			);
			dependencies = (
			);
			name = ParrotBar;
			productName = ParrotBar;
			productReference = 4CD47C212C6495DB00F9688A /* ParrotBar.app */;
			productType = "com.apple.product-type.application";
		};
		4CD47C312C6495DD00F9688A /* ParrotBarTests */ = {
			isa = PBXNativeTarget;
			buildConfigurationList = 4CD47C492C6495DD00F9688A /* Build configuration list for PBXNativeTarget "ParrotBarTests" */;
			buildPhases = (
				4CD47C2E2C6495DD00F9688A /* Sources */,
				4CD47C2F2C6495DD00F9688A /* Frameworks */,
				4CD47C302C6495DD00F9688A /* Resources */,
			);
			buildRules = (
			);
			dependencies = (
				4CD47C342C6495DD00F9688A /* PBXTargetDependency */,
			);
			name = ParrotBarTests;
			productName = ParrotBarTests;
			productReference = 4CD47C322C6495DD00F9688A /* ParrotBarTests.xctest */;
			productType = "com.apple.product-type.bundle.unit-test";
		};
		4CD47C3B2C6495DD00F9688A /* ParrotBarUITests */ = {
			isa = PBXNativeTarget;
			buildConfigurationList = 4CD47C4C2C6495DD00F9688A /* Build configuration list for PBXNativeTarget "ParrotBarUITests" */;
			buildPhases = (
				4CD47C382C6495DD00F9688A /* Sources */,
				4CD47C392C6495DD00F9688A /* Frameworks */,
				4CD47C3A2C6495DD00F9688A /* Resources */,
			);
			buildRules = (
			);
			dependencies = (
				4CD47C3E2C6495DD00F9688A /* PBXTargetDependency */,
			);
			name = ParrotBarUITests;
			productName = ParrotBarUITests;
			productReference = 4CD47C3C2C6495DD00F9688A /* ParrotBarUITests.xctest */;
			productType = "com.apple.product-type.bundle.ui-testing";
		};
/* End PBXNativeTarget section */

/* Begin PBXProject section */
		4CD47C192C6495DB00F9688A /* Project object */ = {
			isa = PBXProject;
			attributes = {
				BuildIndependentTargetsInParallel = 1;
				LastSwiftUpdateCheck = 1540;
				LastUpgradeCheck = 1540;
				TargetAttributes = {
					4CD47C202C6495DB00F9688A = {
						CreatedOnToolsVersion = 15.4;
					};
					4CD47C312C6495DD00F9688A = {
						CreatedOnToolsVersion = 15.4;
						TestTargetID = 4CD47C202C6495DB00F9688A;
					};
					4CD47C3B2C6495DD00F9688A = {
						CreatedOnToolsVersion = 15.4;
						TestTargetID = 4CD47C202C6495DB00F9688A;
					};
				};
			};
			buildConfigurationList = 4CD47C1C2C6495DB00F9688A /* Build configuration list for PBXProject "ParrotBar" */;
			compatibilityVersion = "Xcode 14.0";
			developmentRegion = en;
			hasScannedForEncodings = 0;
			knownRegions = (
				en,
				Base,
			);
			mainGroup = 4CD47C182C6495DB00F9688A;
			productRefGroup = 4CD47C222C6495DB00F9688A /* Products */;
			projectDirPath = "";
			projectRoot = "";
			targets = (
				4CD47C202C6495DB00F9688A /* ParrotBar */,
				4CD47C312C6495DD00F9688A /* ParrotBarTests */,
				4CD47C3B2C6495DD00F9688A /* ParrotBarUITests */,
			);
		};
/* End PBXProject section */

/* Begin PBXResourcesBuildPhase section */
		4CD47C1F2C6495DB00F9688A /* Resources */ = {
			isa = PBXResourcesBuildPhase;
			buildActionMask = 2147483647;
			files = (
				4CD47C2C2C6495DC00F9688A /* Preview Assets.xcassets in Resources */,
				4CD47C292C6495DC00F9688A /* Assets.xcassets in Resources */,
			);
			runOnlyForDeploymentPostprocessing = 0;
		};
		4CD47C302C6495DD00F9688A /* Resources */ = {
			isa = PBXResourcesBuildPhase;
			buildActionMask = 2147483647;
			files = (
			);
			runOnlyForDeploymentPostprocessing = 0;
		};
		4CD47C3A2C6495DD00F9688A /* Resources */ = {
			isa = PBXResourcesBuildPhase;
			buildActionMask = 2147483647;
			files = (
			);
			runOnlyForDeploymentPostprocessing = 0;
		};
/* End PBXResourcesBuildPhase section */

/* Begin PBXSourcesBuildPhase section */
		4CD47C1D2C6495DB00F9688A /* Sources */ = {
			isa = PBXSourcesBuildPhase;
			buildActionMask = 2147483647;
			files = (
				4CD47C272C6495DB00F9688A /* ContentView.swift in Sources */,
				4CD47C252C6495DB00F9688A /* ParrotBarApp.swift in Sources */,
			);
			runOnlyForDeploymentPostprocessing = 0;
		};
		4CD47C2E2C6495DD00F9688A /* Sources */ = {
			isa = PBXSourcesBuildPhase;
			buildActionMask = 2147483647;
			files = (
				4CD47C372C6495DD00F9688A /* ParrotBarTests.swift in Sources */,
			);
			runOnlyForDeploymentPostprocessing = 0;
		};
		4CD47C382C6495DD00F9688A /* Sources */ = {
			isa = PBXSourcesBuildPhase;
			buildActionMask = 2147483647;
			files = (
				4CD47C432C6495DD00F9688A /* ParrotBarUITestsLaunchTests.swift in Sources */,
				4CD47C412C6495DD00F9688A /* ParrotBarUITests.swift in Sources */,
			);
			runOnlyForDeploymentPostprocessing = 0;
		};
/* End PBXSourcesBuildPhase section */

/* Begin PBXTargetDependency section */
		4CD47C342C6495DD00F9688A /* PBXTargetDependency */ = {
			isa = PBXTargetDependency;
			target = 4CD47C202C6495DB00F9688A /* ParrotBar */;
			targetProxy = 4CD47C332C6495DD00F9688A /* PBXContainerItemProxy */;
		};
		4CD47C3E2C6495DD00F9688A /* PBXTargetDependency */ = {
			isa = PBXTargetDependency;
			target = 4CD47C202C6495DB00F9688A /* ParrotBar */;
			targetProxy = 4CD47C3D2C6495DD00F9688A /* PBXContainerItemProxy */;
		};
/* End PBXTargetDependency section */

/* Begin XCBuildConfiguration section */
		4CD47C442C6495DD00F9688A /* Debug */ = {
			isa = XCBuildConfiguration;
			buildSettings = {
				ALWAYS_SEARCH_USER_PATHS = NO;
				ASSETCATALOG_COMPILER_GENERATE_SWIFT_ASSET_SYMBOL_EXTENSIONS = YES;
				CLANG_ANALYZER_NONNULL = YES;
				CLANG_ANALYZER_NUMBER_OBJECT_CONVERSION = YES_AGGRESSIVE;
				CLANG_CXX_LANGUAGE_STANDARD = "gnu++20";
				CLANG_ENABLE_MODULES = YES;
				CLANG_ENABLE_OBJC_ARC = YES;
				CLANG_ENABLE_OBJC_WEAK = YES;
				CLANG_WARN_BLOCK_CAPTURE_AUTORELEASING = YES;
				CLANG_WARN_BOOL_CONVERSION = YES;
				CLANG_WARN_COMMA = YES;
				CLANG_WARN_CONSTANT_CONVERSION = YES;
				CLANG_WARN_DEPRECATED_OBJC_IMPLEMENTATIONS = YES;
				CLANG_WARN_DIRECT_OBJC_ISA_USAGE = YES_ERROR;
				CLANG_WARN_DOCUMENTATION_COMMENTS = YES;
				CLANG_WARN_EMPTY_BODY = YES;
				CLANG_WARN_ENUM_CONVERSION = YES;
				CLANG_WARN_INFINITE_RECURSION = YES;
				CLANG_WARN_INT_CONVERSION = YES;
				CLANG_WARN_NON_LITERAL_NULL_CONVERSION = YES;
				CLANG_WARN_OBJC_IMPLICIT_RETAIN_SELF = YES;
				CLANG_WARN_OBJC_LITERAL_CONVERSION = YES;
				CLANG_WARN_OBJC_ROOT_CLASS = YES_ERROR;
				CLANG_WARN_QUOTED_INCLUDE_IN_FRAMEWORK_HEADER = YES;
				CLANG_WARN_RANGE_LOOP_ANALYSIS = YES;
				CLANG_WARN_STRICT_PROTOTYPES = YES;
				CLANG_WARN_SUSPICIOUS_MOVE = YES;
				CLANG_WARN_UNGUARDED_AVAILABILITY = YES_AGGRESSIVE;
				CLANG_WARN_UNREACHABLE_CODE = YES;
				CLANG_WARN__DUPLICATE_METHOD_MATCH = YES;
				COPY_PHASE_STRIP = NO;
				DEBUG_INFORMATION_FORMAT = dwarf;
				ENABLE_STRICT_OBJC_MSGSEND = YES;
				ENABLE_TESTABILITY = YES;
				ENABLE_USER_SCRIPT_SANDBOXING = YES;
				GCC_C_LANGUAGE_STANDARD = gnu17;
				GCC_DYNAMIC_NO_PIC = NO;
				GCC_NO_COMMON_BLOCKS = YES;
				GCC_OPTIMIZATION_LEVEL = 0;
				GCC_PREPROCESSOR_DEFINITIONS = (
					"DEBUG=1",
					"$(inherited)",
				);
				GCC_WARN_64_TO_32_BIT_CONVERSION = YES;
				GCC_WARN_ABOUT_RETURN_TYPE = YES_ERROR;
				GCC_WARN_UNDECLARED_SELECTOR = YES;
				GCC_WARN_UNINITIALIZED_AUTOS = YES_AGGRESSIVE;
				GCC_WARN_UNUSED_FUNCTION = YES;
				GCC_WARN_UNUSED_VARIABLE = YES;
				LOCALIZATION_PREFERS_STRING_CATALOGS = YES;
				MACOSX_DEPLOYMENT_TARGET = 14.5;
				MTL_ENABLE_DEBUG_INFO = INCLUDE_SOURCE;
				MTL_FAST_MATH = YES;
				ONLY_ACTIVE_ARCH = YES;
				SDKROOT = macosx;
				SWIFT_ACTIVE_COMPILATION_CONDITIONS = "DEBUG $(inherited)";
				SWIFT_OPTIMIZATION_LEVEL = "-Onone";
			};
			name = Debug;
		};
		4CD47C452C6495DD00F9688A /* Release */ = {
			isa = XCBuildConfiguration;
			buildSettings = {
				ALWAYS_SEARCH_USER_PATHS = NO;
				ASSETCATALOG_COMPILER_GENERATE_SWIFT_ASSET_SYMBOL_EXTENSIONS = YES;
				CLANG_ANALYZER_NONNULL = YES;
				CLANG_ANALYZER_NUMBER_OBJECT_CONVERSION = YES_AGGRESSIVE;
				CLANG_CXX_LANGUAGE_STANDARD = "gnu++20";
				CLANG_ENABLE_MODULES = YES;
				CLANG_ENABLE_OBJC_ARC = YES;
				CLANG_ENABLE_OBJC_WEAK = YES;
				CLANG_WARN_BLOCK_CAPTURE_AUTORELEASING = YES;
				CLANG_WARN_BOOL_CONVERSION = YES;
				CLANG_WARN_COMMA = YES;
				CLANG_WARN_CONSTANT_CONVERSION = YES;
				CLANG_WARN_DEPRECATED_OBJC_IMPLEMENTATIONS = YES;
				CLANG_WARN_DIRECT_OBJC_ISA_USAGE = YES_ERROR;
				CLANG_WARN_DOCUMENTATION_COMMENTS = YES;
				CLANG_WARN_EMPTY_BODY = YES;
				CLANG_WARN_ENUM_CONVERSION = YES;
				CLANG_WARN_INFINITE_RECURSION = YES;
				CLANG_WARN_INT_CONVERSION = YES;
				CLANG_WARN_NON_LITERAL_NULL_CONVERSION = YES;
				CLANG_WARN_OBJC_IMPLICIT_RETAIN_SELF = YES;
				CLANG_WARN_OBJC_LITERAL_CONVERSION = YES;
				CLANG_WARN_OBJC_ROOT_CLASS = YES_ERROR;
				CLANG_WARN_QUOTED_INCLUDE_IN_FRAMEWORK_HEADER = YES;
				CLANG_WARN_RANGE_LOOP_ANALYSIS = YES;
				CLANG_WARN_STRICT_PROTOTYPES = YES;
				CLANG_WARN_SUSPICIOUS_MOVE = YES;
				CLANG_WARN_UNGUARDED_AVAILABILITY = YES_AGGRESSIVE;
				CLANG_WARN_UNREACHABLE_CODE = YES;
				CLANG_WARN__DUPLICATE_METHOD_MATCH = YES;
				COPY_PHASE_STRIP = NO;
				DEBUG_INFORMATION_FORMAT = "dwarf-with-dsym";
				ENABLE_NS_ASSERTIONS = NO;
				ENABLE_STRICT_OBJC_MSGSEND = YES;
				ENABLE_USER_SCRIPT_SANDBOXING = YES;
				GCC_C_LANGUAGE_STANDARD = gnu17;
				GCC_NO_COMMON_BLOCKS = YES;
				GCC_WARN_64_TO_32_BIT_CONVERSION = YES;
				GCC_WARN_ABOUT_RETURN_TYPE = YES_ERROR;
				GCC_WARN_UNDECLARED_SELECTOR = YES;
				GCC_WARN_UNINITIALIZED_AUTOS = YES_AGGRESSIVE;
				GCC_WARN_UNUSED_FUNCTION = YES;
				GCC_WARN_UNUSED_VARIABLE = YES;
				LOCALIZATION_PREFERS_STRING_CATALOGS = YES;
				MACOSX_DEPLOYMENT_TARGET = 14.5;
				MTL_ENABLE_DEBUG_INFO = NO;
				MTL_FAST_MATH = YES;
				SDKROOT = macosx;
				SWIFT_COMPILATION_MODE = wholemodule;
			};
			name = Release;
		};
		4CD47C472C6495DD00F9688A /* Debug */ = {
			isa = XCBuildConfiguration;
			buildSettings = {
				ASSETCATALOG_COMPILER_APPICON_NAME = AppIcon;
				ASSETCATALOG_COMPILER_GLOBAL_ACCENT_COLOR_NAME = AccentColor;
				CODE_SIGN_ENTITLEMENTS = ParrotBar/ParrotBar.entitlements;
				CODE_SIGN_STYLE = Automatic;
				COMBINE_HIDPI_IMAGES = YES;
				CURRENT_PROJECT_VERSION = 1;
				DEVELOPMENT_ASSET_PATHS = "\"ParrotBar/Preview Content\"";
				DEVELOPMENT_TEAM = RS4W332G79;
				ENABLE_HARDENED_RUNTIME = YES;
				ENABLE_PREVIEWS = YES;
				GENERATE_INFOPLIST_FILE = YES;
				INFOPLIST_KEY_NSHumanReadableCopyright = "";
				LD_RUNPATH_SEARCH_PATHS = (
					"$(inherited)",
					"@executable_path/../Frameworks",
				);
				MARKETING_VERSION = 1.0;
				PRODUCT_BUNDLE_IDENTIFIER = CultOfThePartyParrot.ParrotBar;
				PRODUCT_NAME = "$(TARGET_NAME)";
				SWIFT_EMIT_LOC_STRINGS = YES;
				SWIFT_VERSION = 5.0;
			};
			name = Debug;
		};
		4CD47C482C6495DD00F9688A /* Release */ = {
			isa = XCBuildConfiguration;
			buildSettings = {
				ASSETCATALOG_COMPILER_APPICON_NAME = AppIcon;
				ASSETCATALOG_COMPILER_GLOBAL_ACCENT_COLOR_NAME = AccentColor;
				CODE_SIGN_ENTITLEMENTS = ParrotBar/ParrotBar.entitlements;
				CODE_SIGN_STYLE = Automatic;
				COMBINE_HIDPI_IMAGES = YES;
				CURRENT_PROJECT_VERSION = 1;
				DEVELOPMENT_ASSET_PATHS = "\"ParrotBar/Preview Content\"";
				DEVELOPMENT_TEAM = RS4W332G79;
				ENABLE_HARDENED_RUNTIME = YES;
				ENABLE_PREVIEWS = YES;
				GENERATE_INFOPLIST_FILE = YES;
				INFOPLIST_KEY_NSHumanReadableCopyright = "";
				LD_RUNPATH_SEARCH_PATHS = (
					"$(inherited)",
					"@executable_path/../Frameworks",
				);
				MARKETING_VERSION = 1.0;
				PRODUCT_BUNDLE_IDENTIFIER = CultOfThePartyParrot.ParrotBar;
				PRODUCT_NAME = "$(TARGET_NAME)";
				SWIFT_EMIT_LOC_STRINGS = YES;
				SWIFT_VERSION = 5.0;
			};
			name = Release;
		};
		4CD47C4A2C6495DD00F9688A /* Debug */ = {
			isa = XCBuildConfiguration;
			buildSettings = {
				ALWAYS_EMBED_SWIFT_STANDARD_LIBRARIES = YES;
				BUNDLE_LOADER = "$(TEST_HOST)";
				CODE_SIGN_STYLE = Automatic;
				CURRENT_PROJECT_VERSION = 1;
				DEVELOPMENT_TEAM = RS4W332G79;
				GENERATE_INFOPLIST_FILE = YES;
				MACOSX_DEPLOYMENT_TARGET = 14.5;
				MARKETING_VERSION = 1.0;
				PRODUCT_BUNDLE_IDENTIFIER = CultOfThePartyParrot.ParrotBarTests;
				PRODUCT_NAME = "$(TARGET_NAME)";
				SWIFT_EMIT_LOC_STRINGS = NO;
				SWIFT_VERSION = 5.0;
				TEST_HOST = "$(BUILT_PRODUCTS_DIR)/ParrotBar.app/$(BUNDLE_EXECUTABLE_FOLDER_PATH)/ParrotBar";
			};
			name = Debug;
		};
		4CD47C4B2C6495DD00F9688A /* Release */ = {
			isa = XCBuildConfiguration;
			buildSettings = {
				ALWAYS_EMBED_SWIFT_STANDARD_LIBRARIES = YES;
				BUNDLE_LOADER = "$(TEST_HOST)";
				CODE_SIGN_STYLE = Automatic;
				CURRENT_PROJECT_VERSION = 1;
				DEVELOPMENT_TEAM = RS4W332G79;
				GENERATE_INFOPLIST_FILE = YES;
				MACOSX_DEPLOYMENT_TARGET = 14.5;
				MARKETING_VERSION = 1.0;
				PRODUCT_BUNDLE_IDENTIFIER = CultOfThePartyParrot.ParrotBarTests;
				PRODUCT_NAME = "$(TARGET_NAME)";
				SWIFT_EMIT_LOC_STRINGS = NO;
				SWIFT_VERSION = 5.0;
				TEST_HOST = "$(BUILT_PRODUCTS_DIR)/ParrotBar.app/$(BUNDLE_EXECUTABLE_FOLDER_PATH)/ParrotBar";
			};
			name = Release;
		};
		4CD47C4D2C6495DD00F9688A /* Debug */ = {
			isa = XCBuildConfiguration;
			buildSettings = {
				ALWAYS_EMBED_SWIFT_STANDARD_LIBRARIES = YES;
				CODE_SIGN_STYLE = Automatic;
				CURRENT_PROJECT_VERSION = 1;
				DEVELOPMENT_TEAM = RS4W332G79;
				GENERATE_INFOPLIST_FILE = YES;
				MARKETING_VERSION = 1.0;
				PRODUCT_BUNDLE_IDENTIFIER = CultOfThePartyParrot.ParrotBarUITests;
				PRODUCT_NAME = "$(TARGET_NAME)";
				SWIFT_EMIT_LOC_STRINGS = NO;
				SWIFT_VERSION = 5.0;
				TEST_TARGET_NAME = ParrotBar;
			};
			name = Debug;
		};
		4CD47C4E2C6495DD00F9688A /* Release */ = {
			isa = XCBuildConfiguration;
			buildSettings = {
				ALWAYS_EMBED_SWIFT_STANDARD_LIBRARIES = YES;
				CODE_SIGN_STYLE = Automatic;
				CURRENT_PROJECT_VERSION = 1;
				DEVELOPMENT_TEAM = RS4W332G79;
				GENERATE_INFOPLIST_FILE = YES;
				MARKETING_VERSION = 1.0;
				PRODUCT_BUNDLE_IDENTIFIER = CultOfThePartyParrot.ParrotBarUITests;
				PRODUCT_NAME = "$(TARGET_NAME)";
				SWIFT_EMIT_LOC_STRINGS = NO;
				SWIFT_VERSION = 5.0;
				TEST_TARGET_NAME = ParrotBar;
			};
			name = Release;
		};
/* End XCBuildConfiguration section */

/* Begin XCConfigurationList section */
		4CD47C1C2C6495DB00F9688A /* Build configuration list for PBXProject "ParrotBar" */ = {
			isa = XCConfigurationList;
			buildConfigurations = (
				4CD47C442C6495DD00F9688A /* Debug */,
				4CD47C452C6495DD00F9688A /* Release */,
			);
			defaultConfigurationIsVisible = 0;
			defaultConfigurationName = Release;
		};
		4CD47C462C6495DD00F9688A /* Build configuration list for PBXNativeTarget "ParrotBar" */ = {
			isa = XCConfigurationList;
			buildConfigurations = (
				4CD47C472C6495DD00F9688A /* Debug */,
				4CD47C482C6495DD00F9688A /* Release */,
			);
			defaultConfigurationIsVisible = 0;
			defaultConfigurationName = Release;
		};
		4CD47C492C6495DD00F9688A /* Build configuration list for PBXNativeTarget "ParrotBarTests" */ = {
			isa = XCConfigurationList;
			buildConfigurations = (
				4CD47C4A2C6495DD00F9688A /* Debug */,
				4CD47C4B2C6495DD00F9688A /* Release */,
			);
			defaultConfigurationIsVisible = 0;
			defaultConfigurationName = Release;
		};
		4CD47C4C2C6495DD00F9688A /* Build configuration list for PBXNativeTarget "ParrotBarUITests" */ = {
			isa = XCConfigurationList;
			buildConfigurations = (
				4CD47C4D2C6495DD00F9688A /* Debug */,
				4CD47C4E2C6495DD00F9688A /* Release */,
			);
			defaultConfigurationIsVisible = 0;
			defaultConfigurationName = Release;
		};
/* End XCConfigurationList section */
	};
	rootObject = 4CD47C192C6495DB00F9688A /* Project object */;
}
